// !$*UTF8*$!
{
	archiveVersion = 1;
	classes = {
	};
	objectVersion = 77;
	objects = {

/* Begin PBXContainerItemProxy section */
		45D8A3F22FA8836A003C123D /* PBXContainerItemProxy */ = {
			isa = PBXContainerItemProxy;
			containerPortal = 45D8A3D82FA8836A003C123D /* Project object */;
			proxyType = 1;
			remoteGlobalIDString = 45D8A3DF2FA8836A003C123D;
			remoteInfo = SwiftUISwiftData;
		};
		45D8A3FC2FA8836A003C123D /* PBXContainerItemProxy */ = {
			isa = PBXContainerItemProxy;
			containerPortal = 45D8A3D82FA8836A003C123D /* Project object */;
			proxyType = 1;
			remoteGlobalIDString = 45D8A3DF2FA8836A003C123D;
			remoteInfo = SwiftUISwiftData;
		};
/* End PBXContainerItemProxy section */

/* Begin PBXFileReference section */
		45D8A3E02FA8836A003C123D /* SwiftUISwiftData.app */ = {isa = PBXFileReference; explicitFileType = wrapper.application; includeInIndex = 0; path = SwiftUISwiftData.app; sourceTree = BUILT_PRODUCTS_DIR; };
		45D8A3F12FA8836A003C123D /* SwiftUISwiftDataTests.xctest */ = {isa = PBXFileReference; explicitFileType = wrapper.cfbundle; includeInIndex = 0; path = SwiftUISwiftDataTests.xctest; sourceTree = BUILT_PRODUCTS_DIR; };
		45D8A3FB2FA8836A003C123D /* SwiftUISwiftDataUITests.xctest */ = {isa = PBXFileReference; explicitFileType = wrapper.cfbundle; includeInIndex = 0; path = SwiftUISwiftDataUITests.xctest; sourceTree = BUILT_PRODUCTS_DIR; };
/* End PBXFileReference section */

/* Begin PBXFileSystemSynchronizedBuildFileExceptionSet section */
		45D8A4032FA8836A003C123D /* Exceptions for "SwiftUISwiftData" folder in "SwiftUISwiftData" target */ = {
			isa = PBXFileSystemSynchronizedBuildFileExceptionSet;
			membershipExceptions = (
				Info.plist,
			);
			target = 45D8A3DF2FA8836A003C123D /* SwiftUISwiftData */;
		};
/* End PBXFileSystemSynchronizedBuildFileExceptionSet section */

/* Begin PBXFileSystemSynchronizedRootGroup section */
		45D8A3E22FA8836A003C123D /* SwiftUISwiftData */ = {
			isa = PBXFileSystemSynchronizedRootGroup;
			exceptions = (
				45D8A4032FA8836A003C123D /* Exceptions for "SwiftUISwiftData" folder in "SwiftUISwiftData" target */,
			);
			path = SwiftUISwiftData;
			sourceTree = "<group>";
		};
		45D8A3F42FA8836A003C123D /* SwiftUISwiftDataTests */ = {
			isa = PBXFileSystemSynchronizedRootGroup;
			path = SwiftUISwiftDataTests;
			sourceTree = "<group>";
		};
		45D8A3FE2FA8836A003C123D /* SwiftUISwiftDataUITests */ = {
			isa = PBXFileSystemSynchronizedRootGroup;
			path = SwiftUISwiftDataUITests;
			sourceTree = "<group>";
		};
/* End PBXFileSystemSynchronizedRootGroup section */

/* Begin PBXFrameworksBuildPhase section */
		45D8A3DD2FA8836A003C123D /* Frameworks */ = {
			isa = PBXFrameworksBuildPhase;
			buildActionMask = 2147483647;
			files = (
			);
			runOnlyForDeploymentPostprocessing = 0;
		};
		45D8A3EE2FA8836A003C123D /* Frameworks */ = {
			isa = PBXFrameworksBuildPhase;
			buildActionMask = 2147483647;
			files = (
			);
			runOnlyForDeploymentPostprocessing = 0;
		};
		45D8A3F82FA8836A003C123D /* Frameworks */ = {
			isa = PBXFrameworksBuildPhase;
			buildActionMask = 2147483647;
			files = (
			);
			runOnlyForDeploymentPostprocessing = 0;
		};
/* End PBXFrameworksBuildPhase section */

/* Begin PBXGroup section */
		45D8A3D72FA8836A003C123D = {
			isa = PBXGroup;
			children = (
				45D8A3E22FA8836A003C123D /* SwiftUISwiftData */,
				45D8A3F42FA8836A003C123D /* SwiftUISwiftDataTests */,
				45D8A3FE2FA8836A003C123D /* SwiftUISwiftDataUITests */,
				45D8A3E12FA8836A003C123D /* Products */,
			);
			sourceTree = "<group>";
		};
		45D8A3E12FA8836A003C123D /* Products */ = {
			isa = PBXGroup;
			children = (
				45D8A3E02FA8836A003C123D /* SwiftUISwiftData.app */,
				45D8A3F12FA8836A003C123D /* SwiftUISwiftDataTests.xctest */,
				45D8A3FB2FA8836A003C123D /* SwiftUISwiftDataUITests.xctest */,
			);
			name = Products;
			sourceTree = "<group>";
		};
/* End PBXGroup section */

/* Begin PBXNativeTarget section */
		45D8A3DF2FA8836A003C123D /* SwiftUISwiftData */ = {
			isa = PBXNativeTarget;
			buildConfigurationList = 45D8A4042FA8836A003C123D /* Build configuration list for PBXNativeTarget "SwiftUISwiftData" */;
			buildPhases = (
				45D8A3DC2FA8836A003C123D /* Sources */,
				45D8A3DD2FA8836A003C123D /* Frameworks */,
				45D8A3DE2FA8836A003C123D /* Resources */,
			);
			buildRules = (
			);
			dependencies = (
			);
			fileSystemSynchronizedGroups = (
				45D8A3E22FA8836A003C123D /* SwiftUISwiftData */,
			);
			name = SwiftUISwiftData;
			packageProductDependencies = (
			);
			productName = SwiftUISwiftData;
			productReference = 45D8A3E02FA8836A003C123D /* SwiftUISwiftData.app */;
			productType = "com.apple.product-type.application";
		};
		45D8A3F02FA8836A003C123D /* SwiftUISwiftDataTests */ = {
			isa = PBXNativeTarget;
			buildConfigurationList = 45D8A4092FA8836A003C123D /* Build configuration list for PBXNativeTarget "SwiftUISwiftDataTests" */;
			buildPhases = (
				45D8A3ED2FA8836A003C123D /* Sources */,
				45D8A3EE2FA8836A003C123D /* Frameworks */,
				45D8A3EF2FA8836A003C123D /* Resources */,
			);
			buildRules = (
			);
			dependencies = (
				45D8A3F32FA8836A003C123D /* PBXTargetDependency */,
			);
			fileSystemSynchronizedGroups = (
				45D8A3F42FA8836A003C123D /* SwiftUISwiftDataTests */,
			);
			name = SwiftUISwiftDataTests;
			packageProductDependencies = (
			);
			productName = SwiftUISwiftDataTests;
			productReference = 45D8A3F12FA8836A003C123D /* SwiftUISwiftDataTests.xctest */;
			productType = "com.apple.product-type.bundle.unit-test";
		};
		45D8A3FA2FA8836A003C123D /* SwiftUISwiftDataUITests */ = {
			isa = PBXNativeTarget;
			buildConfigurationList = 45D8A40C2FA8836A003C123D /* Build configuration list for PBXNativeTarget "SwiftUISwiftDataUITests" */;
			buildPhases = (
				45D8A3F72FA8836A003C123D /* Sources */,
				45D8A3F82FA8836A003C123D /* Frameworks */,
				45D8A3F92FA8836A003C123D /* Resources */,
			);
			buildRules = (
			);
			dependencies = (
				45D8A3FD2FA8836A003C123D /* PBXTargetDependency */,
			);
			fileSystemSynchronizedGroups = (
				45D8A3FE2FA8836A003C123D /* SwiftUISwiftDataUITests */,
			);
			name = SwiftUISwiftDataUITests;
			packageProductDependencies = (
			);
			productName = SwiftUISwiftDataUITests;
			productReference = 45D8A3FB2FA8836A003C123D /* SwiftUISwiftDataUITests.xctest */;
			productType = "com.apple.product-type.bundle.ui-testing";
		};
/* End PBXNativeTarget section */

/* Begin PBXProject section */
		45D8A3D82FA8836A003C123D /* Project object */ = {
			isa = PBXProject;
			attributes = {
				BuildIndependentTargetsInParallel = 1;
				LastSwiftUpdateCheck = 2640;
				LastUpgradeCheck = 2650;
				TargetAttributes = {
					45D8A3DF2FA8836A003C123D = {
						CreatedOnToolsVersion = 26.4.1;
					};
					45D8A3F02FA8836A003C123D = {
						CreatedOnToolsVersion = 26.4.1;
						TestTargetID = 45D8A3DF2FA8836A003C123D;
					};
					45D8A3FA2FA8836A003C123D = {
						CreatedOnToolsVersion = 26.4.1;
						TestTargetID = 45D8A3DF2FA8836A003C123D;
					};
				};
			};
			buildConfigurationList = 45D8A3DB2FA8836A003C123D /* Build configuration list for PBXProject "SwiftUISwiftData" */;
			developmentRegion = en;
			hasScannedForEncodings = 0;
			knownRegions = (
				en,
				Base,
			);
			mainGroup = 45D8A3D72FA8836A003C123D;
			minimizedProjectReferenceProxies = 1;
			packageReferences = (
				4569ECFF2FDE500300CCFCAC /* XCRemoteSwiftPackageReference "swift-format" */,
			);
			preferredProjectObjectVersion = 77;
			productRefGroup = 45D8A3E12FA8836A003C123D /* Products */;
			projectDirPath = "";
			projectRoot = "";
			targets = (
				45D8A3DF2FA8836A003C123D /* SwiftUISwiftData */,
				45D8A3F02FA8836A003C123D /* SwiftUISwiftDataTests */,
				45D8A3FA2FA8836A003C123D /* SwiftUISwiftDataUITests */,
			);
		};
/* End PBXProject section */

/* Begin PBXResourcesBuildPhase section */
		45D8A3DE2FA8836A003C123D /* Resources */ = {
			isa = PBXResourcesBuildPhase;
			buildActionMask = 2147483647;
			files = (
			);
			runOnlyForDeploymentPostprocessing = 0;
		};
		45D8A3EF2FA8836A003C123D /* Resources */ = {
			isa = PBXResourcesBuildPhase;
			buildActionMask = 2147483647;
			files = (
			);
			runOnlyForDeploymentPostprocessing = 0;
		};
		45D8A3F92FA8836A003C123D /* Resources */ = {
			isa = PBXResourcesBuildPhase;
			buildActionMask = 2147483647;
			files = (
			);
			runOnlyForDeploymentPostprocessing = 0;
		};
/* End PBXResourcesBuildPhase section */

/* Begin PBXSourcesBuildPhase section */
		45D8A3DC2FA8836A003C123D /* Sources */ = {
			isa = PBXSourcesBuildPhase;
			buildActionMask = 2147483647;
			files = (
			);
			runOnlyForDeploymentPostprocessing = 0;
		};
		45D8A3ED2FA8836A003C123D /* Sources */ = {
			isa = PBXSourcesBuildPhase;
			buildActionMask = 2147483647;
			files = (
			);
			runOnlyForDeploymentPostprocessing = 0;
		};
		45D8A3F72FA8836A003C123D /* Sources */ = {
			isa = PBXSourcesBuildPhase;
			buildActionMask = 2147483647;
			files = (
			);
			runOnlyForDeploymentPostprocessing = 0;
		};
/* End PBXSourcesBuildPhase section */

/* Begin PBXTargetDependency section */
		45D8A3F32FA8836A003C123D /* PBXTargetDependency */ = {
			isa = PBXTargetDependency;
			target = 45D8A3DF2FA8836A003C123D /* SwiftUISwiftData */;
			targetProxy = 45D8A3F22FA8836A003C123D /* PBXContainerItemProxy */;
		};
		45D8A3FD2FA8836A003C123D /* PBXTargetDependency */ = {
			isa = PBXTargetDependency;
			target = 45D8A3DF2FA8836A003C123D /* SwiftUISwiftData */;
			targetProxy = 45D8A3FC2FA8836A003C123D /* PBXContainerItemProxy */;
		};
/* End PBXTargetDependency section */

/* Begin XCBuildConfiguration section */
		45D8A4052FA8836A003C123D /* Debug */ = {
			isa = XCBuildConfiguration;
			buildSettings = {
				ASSETCATALOG_COMPILER_APPICON_NAME = AppIcon;
				ASSETCATALOG_COMPILER_GLOBAL_ACCENT_COLOR_NAME = AccentColor;
				CODE_SIGN_ENTITLEMENTS = SwiftUISwiftData/SwiftUISwiftData.entitlements;
				CODE_SIGN_STYLE = Automatic;
				CURRENT_PROJECT_VERSION = 1;
				DEVELOPMENT_TEAM = YTTLG3C9FT;
				ENABLE_PREVIEWS = YES;
				GENERATE_INFOPLIST_FILE = YES;
				INFOPLIST_FILE = SwiftUISwiftData/Info.plist;
				INFOPLIST_KEY_NSFaceIDUsageDescription = "This app uses Touch ID / Face ID to secure your data.";
				INFOPLIST_KEY_UIApplicationSceneManifest_Generation = YES;
				INFOPLIST_KEY_UIApplicationSupportsIndirectInputEvents = YES;
				INFOPLIST_KEY_UILaunchScreen_Generation = YES;
				INFOPLIST_KEY_UISupportedInterfaceOrientations_iPad = "UIInterfaceOrientationPortrait UIInterfaceOrientationPortraitUpsideDown UIInterfaceOrientationLandscapeLeft UIInterfaceOrientationLandscapeRight";
				INFOPLIST_KEY_UISupportedInterfaceOrientations_iPhone = "UIInterfaceOrientationPortrait UIInterfaceOrientationLandscapeLeft UIInterfaceOrientationLandscapeRight";
				LD_RUNPATH_SEARCH_PATHS = (
					"$(inherited)",
					"@executable_path/Frameworks",
				);
				MARKETING_VERSION = 1.0;
				PRODUCT_BUNDLE_IDENTIFIER = com.example.HS.SwiftUISwiftData;
				PRODUCT_NAME = "$(TARGET_NAME)";
				STRING_CATALOG_GENERATE_SYMBOLS = YES;
				SWIFT_APPROACHABLE_CONCURRENCY = YES;
				SWIFT_DEFAULT_ACTOR_ISOLATION = MainActor;
				SWIFT_EMIT_LOC_STRINGS = YES;
				SWIFT_UPCOMING_FEATURE_MEMBER_IMPORT_VISIBILITY = YES;
				SWIFT_VERSION = 5.0;
				TARGETED_DEVICE_FAMILY = "1,2";
			};
			name = Debug;
		};
		45D8A4062FA8836A003C123D /* Release */ = {
			isa = XCBuildConfiguration;
			buildSettings = {
				ASSETCATALOG_COMPILER_APPICON_NAME = AppIcon;
				ASSETCATALOG_COMPILER_GLOBAL_ACCENT_COLOR_NAME = AccentColor;
				CODE_SIGN_ENTITLEMENTS = SwiftUISwiftData/SwiftUISwiftData.entitlements;
				CODE_SIGN_STYLE = Automatic;
				CURRENT_PROJECT_VERSION = 1;
				DEVELOPMENT_TEAM = YTTLG3C9FT;
				ENABLE_PREVIEWS = YES;
				GENERATE_INFOPLIST_FILE = YES;
				INFOPLIST_FILE = SwiftUISwiftData/Info.plist;
				INFOPLIST_KEY_NSFaceIDUsageDescription = "This app uses Touch ID / Face ID to secure your data.";
				INFOPLIST_KEY_UIApplicationSceneManifest_Generation = YES;
				INFOPLIST_KEY_UIApplicationSupportsIndirectInputEvents = YES;
				INFOPLIST_KEY_UILaunchScreen_Generation = YES;
				INFOPLIST_KEY_UISupportedInterfaceOrientations_iPad = "UIInterfaceOrientationPortrait UIInterfaceOrientationPortraitUpsideDown UIInterfaceOrientationLandscapeLeft UIInterfaceOrientationLandscapeRight";
				INFOPLIST_KEY_UISupportedInterfaceOrientations_iPhone = "UIInterfaceOrientationPortrait UIInterfaceOrientationLandscapeLeft UIInterfaceOrientationLandscapeRight";
				LD_RUNPATH_SEARCH_PATHS = (
					"$(inherited)",
					"@executable_path/Frameworks",
				);
				MARKETING_VERSION = 1.0;
				PRODUCT_BUNDLE_IDENTIFIER = com.example.HS.SwiftUISwiftData;
				PRODUCT_NAME = "$(TARGET_NAME)";
				STRING_CATALOG_GENERATE_SYMBOLS = YES;
				SWIFT_APPROACHABLE_CONCURRENCY = YES;
				SWIFT_DEFAULT_ACTOR_ISOLATION = MainActor;
				SWIFT_EMIT_LOC_STRINGS = YES;
				SWIFT_UPCOMING_FEATURE_MEMBER_IMPORT_VISIBILITY = YES;
				SWIFT_VERSION = 5.0;
				TARGETED_DEVICE_FAMILY = "1,2";
			};
			name = Release;
		};
		45D8A4072FA8836A003C123D /* Debug */ = {
			isa = XCBuildConfiguration;
			buildSettings = {
				ALWAYS_SEARCH_USER_PATHS = NO;
				ASSETCATALOG_COMPILER_GENERATE_SWIFT_ASSET_SYMBOL_EXTENSIONS = YES;
				CLANG_ANALYZER_NONNULL = YES;
				CLANG_ANALYZER_NUMBER_OBJECT_CONVERSION = YES_AGGRESSIVE;
				CLANG_CXX_LANGUAGE_STANDARD = "gnu++20";
				CLANG_ENABLE_MODULES = YES;
				CLANG_ENABLE_OBJC_ARC = YES;
				CLANG_ENABLE_OBJC_WEAK = YES;
				CLANG_WARN_BLOCK_CAPTURE_AUTORELEASING = YES;
				CLANG_WARN_BOOL_CONVERSION = YES;
				CLANG_WARN_COMMA = YES;
				CLANG_WARN_CONSTANT_CONVERSION = YES;
				CLANG_WARN_DEPRECATED_OBJC_IMPLEMENTATIONS = YES;
				CLANG_WARN_DIRECT_OBJC_ISA_USAGE = YES_ERROR;
				CLANG_WARN_DOCUMENTATION_COMMENTS = YES;
				CLANG_WARN_EMPTY_BODY = YES;
				CLANG_WARN_ENUM_CONVERSION = YES;
				CLANG_WARN_INFINITE_RECURSION = YES;
				CLANG_WARN_INT_CONVERSION = YES;
				CLANG_WARN_NON_LITERAL_NULL_CONVERSION = YES;
				CLANG_WARN_OBJC_IMPLICIT_RETAIN_SELF = YES;
				CLANG_WARN_OBJC_LITERAL_CONVERSION = YES;
				CLANG_WARN_OBJC_ROOT_CLASS = YES_ERROR;
				CLANG_WARN_QUOTED_INCLUDE_IN_FRAMEWORK_HEADER = YES;
				CLANG_WARN_RANGE_LOOP_ANALYSIS = YES;
				CLANG_WARN_STRICT_PROTOTYPES = YES;
				CLANG_WARN_SUSPICIOUS_MOVE = YES;
				CLANG_WARN_UNGUARDED_AVAILABILITY = YES_AGGRESSIVE;
				CLANG_WARN_UNREACHABLE_CODE = YES;
				CLANG_WARN__DUPLICATE_METHOD_MATCH = YES;
				COPY_PHASE_STRIP = NO;
				DEBUG_INFORMATION_FORMAT = dwarf;
				DEVELOPMENT_TEAM = YTTLG3C9FT;
				ENABLE_STRICT_OBJC_MSGSEND = YES;
				ENABLE_TESTABILITY = YES;
				ENABLE_USER_SCRIPT_SANDBOXING = YES;
				GCC_C_LANGUAGE_STANDARD = gnu17;
				GCC_DYNAMIC_NO_PIC = NO;
				GCC_NO_COMMON_BLOCKS = YES;
				GCC_OPTIMIZATION_LEVEL = 0;
				GCC_PREPROCESSOR_DEFINITIONS = (
					"DEBUG=1",
					"$(inherited)",
				);
				GCC_WARN_64_TO_32_BIT_CONVERSION = YES;
				GCC_WARN_ABOUT_RETURN_TYPE = YES_ERROR;
				GCC_WARN_UNDECLARED_SELECTOR = YES;
				GCC_WARN_UNINITIALIZED_AUTOS = YES_AGGRESSIVE;
				GCC_WARN_UNUSED_FUNCTION = YES;
				GCC_WARN_UNUSED_VARIABLE = YES;
				IPHONEOS_DEPLOYMENT_TARGET = 26.4;
				LOCALIZATION_PREFERS_STRING_CATALOGS = YES;
				MTL_ENABLE_DEBUG_INFO = INCLUDE_SOURCE;
				MTL_FAST_MATH = YES;
				ONLY_ACTIVE_ARCH = YES;
				SDKROOT = iphoneos;
				STRING_CATALOG_GENERATE_SYMBOLS = YES;
				SWIFT_ACTIVE_COMPILATION_CONDITIONS = "DEBUG $(inherited)";
				SWIFT_OPTIMIZATION_LEVEL = "-Onone";
			};
			name = Debug;
		};
		45D8A4082FA8836A003C123D /* Release */ = {
			isa = XCBuildConfiguration;
			buildSettings = {
				ALWAYS_SEARCH_USER_PATHS = NO;
				ASSETCATALOG_COMPILER_GENERATE_SWIFT_ASSET_SYMBOL_EXTENSIONS = YES;
				CLANG_ANALYZER_NONNULL = YES;
				CLANG_ANALYZER_NUMBER_OBJECT_CONVERSION = YES_AGGRESSIVE;
				CLANG_CXX_LANGUAGE_STANDARD = "gnu++20";
				CLANG_ENABLE_MODULES = YES;
				CLANG_ENABLE_OBJC_ARC = YES;
				CLANG_ENABLE_OBJC_WEAK = YES;
				CLANG_WARN_BLOCK_CAPTURE_AUTORELEASING = YES;
				CLANG_WARN_BOOL_CONVERSION = YES;
				CLANG_WARN_COMMA = YES;
				CLANG_WARN_CONSTANT_CONVERSION = YES;
				CLANG_WARN_DEPRECATED_OBJC_IMPLEMENTATIONS = YES;
				CLANG_WARN_DIRECT_OBJC_ISA_USAGE = YES_ERROR;
				CLANG_WARN_DOCUMENTATION_COMMENTS = YES;
				CLANG_WARN_EMPTY_BODY = YES;
				CLANG_WARN_ENUM_CONVERSION = YES;
				CLANG_WARN_INFINITE_RECURSION = YES;
				CLANG_WARN_INT_CONVERSION = YES;
				CLANG_WARN_NON_LITERAL_NULL_CONVERSION = YES;
				CLANG_WARN_OBJC_IMPLICIT_RETAIN_SELF = YES;
				CLANG_WARN_OBJC_LITERAL_CONVERSION = YES;
				CLANG_WARN_OBJC_ROOT_CLASS = YES_ERROR;
				CLANG_WARN_QUOTED_INCLUDE_IN_FRAMEWORK_HEADER = YES;
				CLANG_WARN_RANGE_LOOP_ANALYSIS = YES;
				CLANG_WARN_STRICT_PROTOTYPES = YES;
				CLANG_WARN_SUSPICIOUS_MOVE = YES;
				CLANG_WARN_UNGUARDED_AVAILABILITY = YES_AGGRESSIVE;
				CLANG_WARN_UNREACHABLE_CODE = YES;
				CLANG_WARN__DUPLICATE_METHOD_MATCH = YES;
				COPY_PHASE_STRIP = NO;
				DEBUG_INFORMATION_FORMAT = "dwarf-with-dsym";
				DEVELOPMENT_TEAM = YTTLG3C9FT;
				ENABLE_NS_ASSERTIONS = NO;
				ENABLE_STRICT_OBJC_MSGSEND = YES;
				ENABLE_USER_SCRIPT_SANDBOXING = YES;
				GCC_C_LANGUAGE_STANDARD = gnu17;
				GCC_NO_COMMON_BLOCKS = YES;
				GCC_WARN_64_TO_32_BIT_CONVERSION = YES;
				GCC_WARN_ABOUT_RETURN_TYPE = YES_ERROR;
				GCC_WARN_UNDECLARED_SELECTOR = YES;
				GCC_WARN_UNINITIALIZED_AUTOS = YES_AGGRESSIVE;
				GCC_WARN_UNUSED_FUNCTION = YES;
				GCC_WARN_UNUSED_VARIABLE = YES;
				IPHONEOS_DEPLOYMENT_TARGET = 26.4;
				LOCALIZATION_PREFERS_STRING_CATALOGS = YES;
				MTL_ENABLE_DEBUG_INFO = NO;
				MTL_FAST_MATH = YES;
				SDKROOT = iphoneos;
				STRING_CATALOG_GENERATE_SYMBOLS = YES;
				SWIFT_COMPILATION_MODE = wholemodule;
				VALIDATE_PRODUCT = YES;
			};
			name = Release;
		};
		45D8A40A2FA8836A003C123D /* Debug */ = {
			isa = XCBuildConfiguration;
			buildSettings = {
				BUNDLE_LOADER = "$(TEST_HOST)";
				CODE_SIGN_STYLE = Automatic;
				CURRENT_PROJECT_VERSION = 1;
				DEVELOPMENT_TEAM = YTTLG3C9FT;
				GENERATE_INFOPLIST_FILE = YES;
				IPHONEOS_DEPLOYMENT_TARGET = 26.4;
				MARKETING_VERSION = 1.0;
				PRODUCT_BUNDLE_IDENTIFIER = com.example.HS.SwiftUISwiftDataTests;
				PRODUCT_NAME = "$(TARGET_NAME)";
				STRING_CATALOG_GENERATE_SYMBOLS = NO;
				SWIFT_APPROACHABLE_CONCURRENCY = YES;
				SWIFT_EMIT_LOC_STRINGS = NO;
				SWIFT_UPCOMING_FEATURE_MEMBER_IMPORT_VISIBILITY = YES;
				SWIFT_VERSION = 5.0;
				TARGETED_DEVICE_FAMILY = "1,2";
				TEST_HOST = "$(BUILT_PRODUCTS_DIR)/SwiftUISwiftData.app/$(BUNDLE_EXECUTABLE_FOLDER_PATH)/SwiftUISwiftData";
			};
			name = Debug;
		};
		45D8A40B2FA8836A003C123D /* Release */ = {
			isa = XCBuildConfiguration;
			buildSettings = {
				BUNDLE_LOADER = "$(TEST_HOST)";
				CODE_SIGN_STYLE = Automatic;
				CURRENT_PROJECT_VERSION = 1;
				DEVELOPMENT_TEAM = YTTLG3C9FT;
				GENERATE_INFOPLIST_FILE = YES;
				IPHONEOS_DEPLOYMENT_TARGET = 26.4;
				MARKETING_VERSION = 1.0;
				PRODUCT_BUNDLE_IDENTIFIER = com.example.HS.SwiftUISwiftDataTests;
				PRODUCT_NAME = "$(TARGET_NAME)";
				STRING_CATALOG_GENERATE_SYMBOLS = NO;
				SWIFT_APPROACHABLE_CONCURRENCY = YES;
				SWIFT_EMIT_LOC_STRINGS = NO;
				SWIFT_UPCOMING_FEATURE_MEMBER_IMPORT_VISIBILITY = YES;
				SWIFT_VERSION = 5.0;
				TARGETED_DEVICE_FAMILY = "1,2";
				TEST_HOST = "$(BUILT_PRODUCTS_DIR)/SwiftUISwiftData.app/$(BUNDLE_EXECUTABLE_FOLDER_PATH)/SwiftUISwiftData";
			};
			name = Release;
		};
		45D8A40D2FA8836A003C123D /* Debug */ = {
			isa = XCBuildConfiguration;
			buildSettings = {
				CODE_SIGN_STYLE = Automatic;
				CURRENT_PROJECT_VERSION = 1;
				DEVELOPMENT_TEAM = YTTLG3C9FT;
				GENERATE_INFOPLIST_FILE = YES;
				MARKETING_VERSION = 1.0;
				PRODUCT_BUNDLE_IDENTIFIER = com.example.HS.SwiftUISwiftDataUITests;
				PRODUCT_NAME = "$(TARGET_NAME)";
				STRING_CATALOG_GENERATE_SYMBOLS = NO;
				SWIFT_APPROACHABLE_CONCURRENCY = YES;
				SWIFT_EMIT_LOC_STRINGS = NO;
				SWIFT_UPCOMING_FEATURE_MEMBER_IMPORT_VISIBILITY = YES;
				SWIFT_VERSION = 5.0;
				TARGETED_DEVICE_FAMILY = "1,2";
				TEST_TARGET_NAME = SwiftUISwiftData;
			};
			name = Debug;
		};
		45D8A40E2FA8836A003C123D /* Release */ = {
			isa = XCBuildConfiguration;
			buildSettings = {
				CODE_SIGN_STYLE = Automatic;
				CURRENT_PROJECT_VERSION = 1;
				DEVELOPMENT_TEAM = YTTLG3C9FT;
				GENERATE_INFOPLIST_FILE = YES;
				MARKETING_VERSION = 1.0;
				PRODUCT_BUNDLE_IDENTIFIER = com.example.HS.SwiftUISwiftDataUITests;
				PRODUCT_NAME = "$(TARGET_NAME)";
				STRING_CATALOG_GENERATE_SYMBOLS = NO;
				SWIFT_APPROACHABLE_CONCURRENCY = YES;
				SWIFT_EMIT_LOC_STRINGS = NO;
				SWIFT_UPCOMING_FEATURE_MEMBER_IMPORT_VISIBILITY = YES;
				SWIFT_VERSION = 5.0;
				TARGETED_DEVICE_FAMILY = "1,2";
				TEST_TARGET_NAME = SwiftUISwiftData;
			};
			name = Release;
		};
/* End XCBuildConfiguration section */

/* Begin XCConfigurationList section */
		45D8A3DB2FA8836A003C123D /* Build configuration list for PBXProject "SwiftUISwiftData" */ = {
			isa = XCConfigurationList;
			buildConfigurations = (
				45D8A4072FA8836A003C123D /* Debug */,
				45D8A4082FA8836A003C123D /* Release */,
			);
			defaultConfigurationIsVisible = 0;
			defaultConfigurationName = Release;
		};
		45D8A4042FA8836A003C123D /* Build configuration list for PBXNativeTarget "SwiftUISwiftData" */ = {
			isa = XCConfigurationList;
			buildConfigurations = (
				45D8A4052FA8836A003C123D /* Debug */,
				45D8A4062FA8836A003C123D /* Release */,
			);
			defaultConfigurationIsVisible = 0;
			defaultConfigurationName = Release;
		};
		45D8A4092FA8836A003C123D /* Build configuration list for PBXNativeTarget "SwiftUISwiftDataTests" */ = {
			isa = XCConfigurationList;
			buildConfigurations = (
				45D8A40A2FA8836A003C123D /* Debug */,
				45D8A40B2FA8836A003C123D /* Release */,
			);
			defaultConfigurationIsVisible = 0;
			defaultConfigurationName = Release;
		};
		45D8A40C2FA8836A003C123D /* Build configuration list for PBXNativeTarget "SwiftUISwiftDataUITests" */ = {
			isa = XCConfigurationList;
			buildConfigurations = (
				45D8A40D2FA8836A003C123D /* Debug */,
				45D8A40E2FA8836A003C123D /* Release */,
			);
			defaultConfigurationIsVisible = 0;
			defaultConfigurationName = Release;
		};
/* End XCConfigurationList section */

/* Begin XCRemoteSwiftPackageReference section */
		4569ECFF2FDE500300CCFCAC /* XCRemoteSwiftPackageReference "swift-format" */ = {
			isa = XCRemoteSwiftPackageReference;
			repositoryURL = "https://github.com/swiftlang/swift-format";
			requirement = {
				kind = upToNextMajorVersion;
				minimumVersion = 602.0.0;
			};
		};
/* End XCRemoteSwiftPackageReference section */
	};
	rootObject = 45D8A3D82FA8836A003C123D /* Project object */;
}
